
Microsoft Visual Studio Solution File, Format Version 12.00
# Visual Studio 15
VisualStudioVersion = 15.0.26124.0
MinimumVisualStudioVersion = 15.0.26124.0
Project("{FAE04EC0-301F-11D3-BF4B-00C04F79EFBC}") = "20MinuteBackend.API", "20MinuteBackend.API\20MinuteBackend.API.csproj", "{E1BCB755-4EF4-454F-9964-6DF079C9C846}"
EndProject
Project("{FAE04EC0-301F-11D3-BF4B-00C04F79EFBC}") = "20MinuteBackend.Domain", "20MinuteBackend.Domain\20MinuteBackend.Domain.csproj", "{6EDD52C8-AF06-41A9-8596-19319F6AA2D7}"
EndProject
Project("{FAE04EC0-301F-11D3-BF4B-00C04F79EFBC}") = "20MinuteBackend.Tests", "20MinuteBackend.Tests\20MinuteBackend.Tests.csproj", "{7CF78F88-0AE2-4491-91F6-374C52ECC924}"
EndProject
Project("{FAE04EC0-301F-11D3-BF4B-00C04F79EFBC}") = "20MinuteBackend.Infrastructure", "20MinuteBackend.Infrastructure\20MinuteBackend.Infrastructure.csproj", "{C95A129E-F680-482A-975E-FEC0278CC648}"
EndProject
Global
	GlobalSection(SolutionConfigurationPlatforms) = preSolution
		Debug|Any CPU = Debug|Any CPU
		Debug|x64 = Debug|x64
		Debug|x86 = Debug|x86
		Release|Any CPU = Release|Any CPU
		Release|x64 = Release|x64
		Release|x86 = Release|x86
	EndGlobalSection
	GlobalSection(SolutionProperties) = preSolution
		HideSolutionNode = FALSE
	EndGlobalSection
	GlobalSection(ProjectConfigurationPlatforms) = postSolution
		{E1BCB755-4EF4-454F-9964-6DF079C9C846}.Debug|Any CPU.ActiveCfg = Debug|Any CPU
		{E1BCB755-4EF4-454F-9964-6DF079C9C846}.Debug|Any CPU.Build.0 = Debug|Any CPU
		{E1BCB755-4EF4-454F-9964-6DF079C9C846}.Debug|x64.ActiveCfg = Debug|Any CPU
		{E1BCB755-4EF4-454F-9964-6DF079C9C846}.Debug|x64.Build.0 = Debug|Any CPU
		{E1BCB755-4EF4-454F-9964-6DF079C9C846}.Debug|x86.ActiveCfg = Debug|Any CPU
		{E1BCB755-4EF4-454F-9964-6DF079C9C846}.Debug|x86.Build.0 = Debug|Any CPU
		{E1BCB755-4EF4-454F-9964-6DF079C9C846}.Release|Any CPU.ActiveCfg = Release|Any CPU
		{E1BCB755-4EF4-454F-9964-6DF079C9C846}.Release|Any CPU.Build.0 = Release|Any CPU
		{E1BCB755-4EF4-454F-9964-6DF079C9C846}.Release|x64.ActiveCfg = Release|Any CPU
		{E1BCB755-4EF4-454F-9964-6DF079C9C846}.Release|x64.Build.0 = Release|Any CPU
		{E1BCB755-4EF4-454F-9964-6DF079C9C846}.Release|x86.ActiveCfg = Release|Any CPU
		{E1BCB755-4EF4-454F-9964-6DF079C9C846}.Release|x86.Build.0 = Release|Any CPU
		{6EDD52C8-AF06-41A9-8596-19319F6AA2D7}.Debug|Any CPU.ActiveCfg = Debug|Any CPU
		{6EDD52C8-AF06-41A9-8596-19319F6AA2D7}.Debug|Any CPU.Build.0 = Debug|Any CPU
		{6EDD52C8-AF06-41A9-8596-19319F6AA2D7}.Debug|x64.ActiveCfg = Debug|Any CPU
		{6EDD52C8-AF06-41A9-8596-19319F6AA2D7}.Debug|x64.Build.0 = Debug|Any CPU
		{6EDD52C8-AF06-41A9-8596-19319F6AA2D7}.Debug|x86.ActiveCfg = Debug|Any CPU
		{6EDD52C8-AF06-41A9-8596-19319F6AA2D7}.Debug|x86.Build.0 = Debug|Any CPU
		{6EDD52C8-AF06-41A9-8596-19319F6AA2D7}.Release|Any CPU.ActiveCfg = Release|Any CPU
		{6EDD52C8-AF06-41A9-8596-19319F6AA2D7}.Release|Any CPU.Build.0 = Release|Any CPU
		{6EDD52C8-AF06-41A9-8596-19319F6AA2D7}.Release|x64.ActiveCfg = Release|Any CPU
		{6EDD52C8-AF06-41A9-8596-19319F6AA2D7}.Release|x64.Build.0 = Release|Any CPU
		{6EDD52C8-AF06-41A9-8596-19319F6AA2D7}.Release|x86.ActiveCfg = Release|Any CPU
		{6EDD52C8-AF06-41A9-8596-19319F6AA2D7}.Release|x86.Build.0 = Release|Any CPU
		{7CF78F88-0AE2-4491-91F6-374C52ECC924}.Debug|Any CPU.ActiveCfg = Debug|Any CPU
		{7CF78F88-0AE2-4491-91F6-374C52ECC924}.Debug|Any CPU.Build.0 = Debug|Any CPU
		{7CF78F88-0AE2-4491-91F6-374C52ECC924}.Debug|x64.ActiveCfg = Debug|Any CPU
		{7CF78F88-0AE2-4491-91F6-374C52ECC924}.Debug|x64.Build.0 = Debug|Any CPU
		{7CF78F88-0AE2-4491-91F6-374C52ECC924}.Debug|x86.ActiveCfg = Debug|Any CPU
		{7CF78F88-0AE2-4491-91F6-374C52ECC924}.Debug|x86.Build.0 = Debug|Any CPU
		{7CF78F88-0AE2-4491-91F6-374C52ECC924}.Release|Any CPU.ActiveCfg = Release|Any CPU
		{7CF78F88-0AE2-4491-91F6-374C52ECC924}.Release|Any CPU.Build.0 = Release|Any CPU
		{7CF78F88-0AE2-4491-91F6-374C52ECC924}.Release|x64.ActiveCfg = Release|Any CPU
		{7CF78F88-0AE2-4491-91F6-374C52ECC924}.Release|x64.Build.0 = Release|Any CPU
		{7CF78F88-0AE2-4491-91F6-374C52ECC924}.Release|x86.ActiveCfg = Release|Any CPU
		{7CF78F88-0AE2-4491-91F6-374C52ECC924}.Release|x86.Build.0 = Release|Any CPU
		{C95A129E-F680-482A-975E-FEC0278CC648}.Debug|Any CPU.ActiveCfg = Debug|Any CPU
		{C95A129E-F680-482A-975E-FEC0278CC648}.Debug|Any CPU.Build.0 = Debug|Any CPU
		{C95A129E-F680-482A-975E-FEC0278CC648}.Debug|x64.ActiveCfg = Debug|Any CPU
		{C95A129E-F680-482A-975E-FEC0278CC648}.Debug|x64.Build.0 = Debug|Any CPU
		{C95A129E-F680-482A-975E-FEC0278CC648}.Debug|x86.ActiveCfg = Debug|Any CPU
		{C95A129E-F680-482A-975E-FEC0278CC648}.Debug|x86.Build.0 = Debug|Any CPU
		{C95A129E-F680-482A-975E-FEC0278CC648}.Release|Any CPU.ActiveCfg = Release|Any CPU
		{C95A129E-F680-482A-975E-FEC0278CC648}.Release|Any CPU.Build.0 = Release|Any CPU
		{C95A129E-F680-482A-975E-FEC0278CC648}.Release|x64.ActiveCfg = Release|Any CPU
		{C95A129E-F680-482A-975E-FEC0278CC648}.Release|x64.Build.0 = Release|Any CPU
		{C95A129E-F680-482A-975E-FEC0278CC648}.Release|x86.ActiveCfg = Release|Any CPU
		{C95A129E-F680-482A-975E-FEC0278CC648}.Release|x86.Build.0 = Release|Any CPU
	EndGlobalSection
EndGlobal
